// !$*UTF8*$!
{
	archiveVersion = 1;
	classes = {
	};
	objectVersion = 55;
	objects = {

/* Begin PBXBuildFile section */
		31EDA18512DBE2FD1206E778 /* Pods_HealthMeter.framework in Frameworks */ = {isa = PBXBuildFile; fileRef = 328A44247B8DB88843E90415 /* Pods_HealthMeter.framework */; };
		4B2091B327A156DE00CCFD70 /* RestingHeartRateService.swift in Sources */ = {isa = PBXBuildFile; fileRef = 4B2091B227A156DE00CCFD70 /* RestingHeartRateService.swift */; };
		4B2091B527A1571100CCFD70 /* RestingHeartRateServiceTests.swift in Sources */ = {isa = PBXBuildFile; fileRef = 4B2091B427A1571100CCFD70 /* RestingHeartRateServiceTests.swift */; };
		4B3946C927BB95CE004135CB /* Date+utils.swift in Sources */ = {isa = PBXBuildFile; fileRef = 4B3946C827BB95CE004135CB /* Date+utils.swift */; };
		4B3E19B827BA8039001F3989 /* DebugView.swift in Sources */ = {isa = PBXBuildFile; fileRef = 4B3E19B727BA8039001F3989 /* DebugView.swift */; };
		4B684D7B27B1382700C4C76E /* Config.swift in Sources */ = {isa = PBXBuildFile; fileRef = 4B684D7A27B1382700C4C76E /* Config.swift */; };
		4BA142F5279DA6B5008884F0 /* HealthMeterApp.swift in Sources */ = {isa = PBXBuildFile; fileRef = 4BA142F4279DA6B5008884F0 /* HealthMeterApp.swift */; };
		4BA142F7279DA6B5008884F0 /* ContentView.swift in Sources */ = {isa = PBXBuildFile; fileRef = 4BA142F6279DA6B5008884F0 /* ContentView.swift */; };
		4BA142F9279DA6B6008884F0 /* Assets.xcassets in Resources */ = {isa = PBXBuildFile; fileRef = 4BA142F8279DA6B6008884F0 /* Assets.xcassets */; };
		4BA142FC279DA6B6008884F0 /* Preview Assets.xcassets in Resources */ = {isa = PBXBuildFile; fileRef = 4BA142FB279DA6B6008884F0 /* Preview Assets.xcassets */; };
		4BA14321279DA97D008884F0 /* HealthKit.framework in Frameworks */ = {isa = PBXBuildFile; fileRef = 4BA14320279DA97D008884F0 /* HealthKit.framework */; };
		4BACE5BF27AAC32A009068F9 /* QueryParser.swift in Sources */ = {isa = PBXBuildFile; fileRef = 4BACE5BE27AAC32A009068F9 /* QueryParser.swift */; };
		4BACE5C127AAC349009068F9 /* QueryProvider.swift in Sources */ = {isa = PBXBuildFile; fileRef = 4BACE5C027AAC349009068F9 /* QueryProvider.swift */; };
		4BACE5C327AAC3C4009068F9 /* RestingHeartRateUpdateTests.swift in Sources */ = {isa = PBXBuildFile; fileRef = 4BACE5C227AAC3C4009068F9 /* RestingHeartRateUpdateTests.swift */; };
		4BACE5C527AACC3C009068F9 /* RestingHeartRateCalculator.swift in Sources */ = {isa = PBXBuildFile; fileRef = 4BACE5C427AACC3C009068F9 /* RestingHeartRateCalculator.swift */; };
		4BACE5C727AAF0BF009068F9 /* HeartView.swift in Sources */ = {isa = PBXBuildFile; fileRef = 4BACE5C627AAF0BF009068F9 /* HeartView.swift */; };
		4BACE5C927ABB8A6009068F9 /* TutorialView.swift in Sources */ = {isa = PBXBuildFile; fileRef = 4BACE5C827ABB8A6009068F9 /* TutorialView.swift */; };
		4BBE120027A9CDC200112638 /* NotificationService.swift in Sources */ = {isa = PBXBuildFile; fileRef = 4BBE11FF27A9CDC200112638 /* NotificationService.swift */; };
		4BBE120427A9CF7500112638 /* RestingHeartRateUpdate.swift in Sources */ = {isa = PBXBuildFile; fileRef = 4BBE120327A9CF7500112638 /* RestingHeartRateUpdate.swift */; };
		B0D1D59A48472513632B5840 /* Pods_HealthMeter_HealthMeterUITests.framework in Frameworks */ = {isa = PBXBuildFile; fileRef = 3F36688EB3F9AF3436C37254 /* Pods_HealthMeter_HealthMeterUITests.framework */; };
		BCF7638A001B9B7E8ACE536A /* Pods_HealthMeterTests.framework in Frameworks */ = {isa = PBXBuildFile; fileRef = 8433264F70474C935F15B810 /* Pods_HealthMeterTests.framework */; };
/* End PBXBuildFile section */

/* Begin PBXContainerItemProxy section */
		4BA14302279DA6B6008884F0 /* PBXContainerItemProxy */ = {
			isa = PBXContainerItemProxy;
			containerPortal = 4BA142E9279DA6B5008884F0 /* Project object */;
			proxyType = 1;
			remoteGlobalIDString = 4BA142F0279DA6B5008884F0;
			remoteInfo = HealthMeter;
		};
		4BA1430C279DA6B6008884F0 /* PBXContainerItemProxy */ = {
			isa = PBXContainerItemProxy;
			containerPortal = 4BA142E9279DA6B5008884F0 /* Project object */;
			proxyType = 1;
			remoteGlobalIDString = 4BA142F0279DA6B5008884F0;
			remoteInfo = HealthMeter;
		};
/* End PBXContainerItemProxy section */

/* Begin PBXFileReference section */
		214549E2381A2ABB61B8521B /* Pods-HealthMeterTests.release.xcconfig */ = {isa = PBXFileReference; includeInIndex = 1; lastKnownFileType = text.xcconfig; name = "Pods-HealthMeterTests.release.xcconfig"; path = "Target Support Files/Pods-HealthMeterTests/Pods-HealthMeterTests.release.xcconfig"; sourceTree = "<group>"; };
		2EE37A75F98BB7BA2697C88F /* Pods-HealthMeterTests.debug.xcconfig */ = {isa = PBXFileReference; includeInIndex = 1; lastKnownFileType = text.xcconfig; name = "Pods-HealthMeterTests.debug.xcconfig"; path = "Target Support Files/Pods-HealthMeterTests/Pods-HealthMeterTests.debug.xcconfig"; sourceTree = "<group>"; };
		328A44247B8DB88843E90415 /* Pods_HealthMeter.framework */ = {isa = PBXFileReference; explicitFileType = wrapper.framework; includeInIndex = 0; path = Pods_HealthMeter.framework; sourceTree = BUILT_PRODUCTS_DIR; };
		3F36688EB3F9AF3436C37254 /* Pods_HealthMeter_HealthMeterUITests.framework */ = {isa = PBXFileReference; explicitFileType = wrapper.framework; includeInIndex = 0; path = Pods_HealthMeter_HealthMeterUITests.framework; sourceTree = BUILT_PRODUCTS_DIR; };
		453DBE6024B31BBF284557DF /* Pods-HealthMeter-HealthMeterUITests.release.xcconfig */ = {isa = PBXFileReference; includeInIndex = 1; lastKnownFileType = text.xcconfig; name = "Pods-HealthMeter-HealthMeterUITests.release.xcconfig"; path = "Target Support Files/Pods-HealthMeter-HealthMeterUITests/Pods-HealthMeter-HealthMeterUITests.release.xcconfig"; sourceTree = "<group>"; };
		4B2091B227A156DE00CCFD70 /* RestingHeartRateService.swift */ = {isa = PBXFileReference; lastKnownFileType = sourcecode.swift; path = RestingHeartRateService.swift; sourceTree = "<group>"; };
		4B2091B427A1571100CCFD70 /* RestingHeartRateServiceTests.swift */ = {isa = PBXFileReference; lastKnownFileType = sourcecode.swift; path = RestingHeartRateServiceTests.swift; sourceTree = "<group>"; };
		4B3946C827BB95CE004135CB /* Date+utils.swift */ = {isa = PBXFileReference; lastKnownFileType = sourcecode.swift; path = "Date+utils.swift"; sourceTree = "<group>"; };
		4B3E19B727BA8039001F3989 /* DebugView.swift */ = {isa = PBXFileReference; lastKnownFileType = sourcecode.swift; path = DebugView.swift; sourceTree = "<group>"; };
		4B684D7A27B1382700C4C76E /* Config.swift */ = {isa = PBXFileReference; lastKnownFileType = sourcecode.swift; path = Config.swift; sourceTree = "<group>"; };
		4BA142F1279DA6B5008884F0 /* HealthMeter.app */ = {isa = PBXFileReference; explicitFileType = wrapper.application; includeInIndex = 0; path = HealthMeter.app; sourceTree = BUILT_PRODUCTS_DIR; };
		4BA142F4279DA6B5008884F0 /* HealthMeterApp.swift */ = {isa = PBXFileReference; lastKnownFileType = sourcecode.swift; path = HealthMeterApp.swift; sourceTree = "<group>"; };
		4BA142F6279DA6B5008884F0 /* ContentView.swift */ = {isa = PBXFileReference; lastKnownFileType = sourcecode.swift; path = ContentView.swift; sourceTree = "<group>"; };
		4BA142F8279DA6B6008884F0 /* Assets.xcassets */ = {isa = PBXFileReference; lastKnownFileType = folder.assetcatalog; path = Assets.xcassets; sourceTree = "<group>"; };
		4BA142FB279DA6B6008884F0 /* Preview Assets.xcassets */ = {isa = PBXFileReference; lastKnownFileType = folder.assetcatalog; path = "Preview Assets.xcassets"; sourceTree = "<group>"; };
		4BA14301279DA6B6008884F0 /* HealthMeterTests.xctest */ = {isa = PBXFileReference; explicitFileType = wrapper.cfbundle; includeInIndex = 0; path = HealthMeterTests.xctest; sourceTree = BUILT_PRODUCTS_DIR; };
		4BA1430B279DA6B6008884F0 /* HealthMeterUITests.xctest */ = {isa = PBXFileReference; explicitFileType = wrapper.cfbundle; includeInIndex = 0; path = HealthMeterUITests.xctest; sourceTree = BUILT_PRODUCTS_DIR; };
		4BA1431E279DA97D008884F0 /* HealthMeter.entitlements */ = {isa = PBXFileReference; lastKnownFileType = text.plist.entitlements; path = HealthMeter.entitlements; sourceTree = "<group>"; };
		4BA14320279DA97D008884F0 /* HealthKit.framework */ = {isa = PBXFileReference; lastKnownFileType = wrapper.framework; name = HealthKit.framework; path = System/Library/Frameworks/HealthKit.framework; sourceTree = SDKROOT; };
		4BA14322279DEE85008884F0 /* Info.plist */ = {isa = PBXFileReference; lastKnownFileType = text.plist; path = Info.plist; sourceTree = "<group>"; };
		4BACE5BE27AAC32A009068F9 /* QueryParser.swift */ = {isa = PBXFileReference; lastKnownFileType = sourcecode.swift; path = QueryParser.swift; sourceTree = "<group>"; };
		4BACE5C027AAC349009068F9 /* QueryProvider.swift */ = {isa = PBXFileReference; lastKnownFileType = sourcecode.swift; path = QueryProvider.swift; sourceTree = "<group>"; };
		4BACE5C227AAC3C4009068F9 /* RestingHeartRateUpdateTests.swift */ = {isa = PBXFileReference; lastKnownFileType = sourcecode.swift; path = RestingHeartRateUpdateTests.swift; sourceTree = "<group>"; };
		4BACE5C427AACC3C009068F9 /* RestingHeartRateCalculator.swift */ = {isa = PBXFileReference; lastKnownFileType = sourcecode.swift; path = RestingHeartRateCalculator.swift; sourceTree = "<group>"; };
		4BACE5C627AAF0BF009068F9 /* HeartView.swift */ = {isa = PBXFileReference; lastKnownFileType = sourcecode.swift; path = HeartView.swift; sourceTree = "<group>"; };
		4BACE5C827ABB8A6009068F9 /* TutorialView.swift */ = {isa = PBXFileReference; lastKnownFileType = sourcecode.swift; path = TutorialView.swift; sourceTree = "<group>"; };
		4BBE11FF27A9CDC200112638 /* NotificationService.swift */ = {isa = PBXFileReference; lastKnownFileType = sourcecode.swift; path = NotificationService.swift; sourceTree = "<group>"; };
		4BBE120327A9CF7500112638 /* RestingHeartRateUpdate.swift */ = {isa = PBXFileReference; lastKnownFileType = sourcecode.swift; path = RestingHeartRateUpdate.swift; sourceTree = "<group>"; };
		5FEF0F53820219A54CECFB27 /* Pods-HealthMeter.release.xcconfig */ = {isa = PBXFileReference; includeInIndex = 1; lastKnownFileType = text.xcconfig; name = "Pods-HealthMeter.release.xcconfig"; path = "Target Support Files/Pods-HealthMeter/Pods-HealthMeter.release.xcconfig"; sourceTree = "<group>"; };
		661C9CDD3899A65111BF7B92 /* Pods-HealthMeter-HealthMeterUITests.debug.xcconfig */ = {isa = PBXFileReference; includeInIndex = 1; lastKnownFileType = text.xcconfig; name = "Pods-HealthMeter-HealthMeterUITests.debug.xcconfig"; path = "Target Support Files/Pods-HealthMeter-HealthMeterUITests/Pods-HealthMeter-HealthMeterUITests.debug.xcconfig"; sourceTree = "<group>"; };
		8433264F70474C935F15B810 /* Pods_HealthMeterTests.framework */ = {isa = PBXFileReference; explicitFileType = wrapper.framework; includeInIndex = 0; path = Pods_HealthMeterTests.framework; sourceTree = BUILT_PRODUCTS_DIR; };
		C19B5E5510E3933F4B885F95 /* Pods-HealthMeter.debug.xcconfig */ = {isa = PBXFileReference; includeInIndex = 1; lastKnownFileType = text.xcconfig; name = "Pods-HealthMeter.debug.xcconfig"; path = "Target Support Files/Pods-HealthMeter/Pods-HealthMeter.debug.xcconfig"; sourceTree = "<group>"; };
/* End PBXFileReference section */

/* Begin PBXFrameworksBuildPhase section */
		4BA142EE279DA6B5008884F0 /* Frameworks */ = {
			isa = PBXFrameworksBuildPhase;
			buildActionMask = 2147483647;
			files = (
				4BA14321279DA97D008884F0 /* HealthKit.framework in Frameworks */,
				31EDA18512DBE2FD1206E778 /* Pods_HealthMeter.framework in Frameworks */,
			);
			runOnlyForDeploymentPostprocessing = 0;
		};
		4BA142FE279DA6B6008884F0 /* Frameworks */ = {
			isa = PBXFrameworksBuildPhase;
			buildActionMask = 2147483647;
			files = (
				BCF7638A001B9B7E8ACE536A /* Pods_HealthMeterTests.framework in Frameworks */,
			);
			runOnlyForDeploymentPostprocessing = 0;
		};
		4BA14308279DA6B6008884F0 /* Frameworks */ = {
			isa = PBXFrameworksBuildPhase;
			buildActionMask = 2147483647;
			files = (
				B0D1D59A48472513632B5840 /* Pods_HealthMeter_HealthMeterUITests.framework in Frameworks */,
			);
			runOnlyForDeploymentPostprocessing = 0;
		};
/* End PBXFrameworksBuildPhase section */

/* Begin PBXGroup section */
		43DA5DDFBD92BD39CE21B7C3 /* Pods */ = {
			isa = PBXGroup;
			children = (
				C19B5E5510E3933F4B885F95 /* Pods-HealthMeter.debug.xcconfig */,
				5FEF0F53820219A54CECFB27 /* Pods-HealthMeter.release.xcconfig */,
				661C9CDD3899A65111BF7B92 /* Pods-HealthMeter-HealthMeterUITests.debug.xcconfig */,
				453DBE6024B31BBF284557DF /* Pods-HealthMeter-HealthMeterUITests.release.xcconfig */,
				2EE37A75F98BB7BA2697C88F /* Pods-HealthMeterTests.debug.xcconfig */,
				214549E2381A2ABB61B8521B /* Pods-HealthMeterTests.release.xcconfig */,
			);
			path = Pods;
			sourceTree = "<group>";
		};
		4BA142E8279DA6B5008884F0 = {
			isa = PBXGroup;
			children = (
				4BA142F3279DA6B5008884F0 /* HealthMeter */,
				4BA14304279DA6B6008884F0 /* HealthMeterTests */,
				4BA142F2279DA6B5008884F0 /* Products */,
				4BA1431F279DA97D008884F0 /* Frameworks */,
				43DA5DDFBD92BD39CE21B7C3 /* Pods */,
			);
			sourceTree = "<group>";
		};
		4BA142F2279DA6B5008884F0 /* Products */ = {
			isa = PBXGroup;
			children = (
				4BA142F1279DA6B5008884F0 /* HealthMeter.app */,
				4BA14301279DA6B6008884F0 /* HealthMeterTests.xctest */,
				4BA1430B279DA6B6008884F0 /* HealthMeterUITests.xctest */,
			);
			name = Products;
			sourceTree = "<group>";
		};
		4BA142F3279DA6B5008884F0 /* HealthMeter */ = {
			isa = PBXGroup;
			children = (
				4BA14322279DEE85008884F0 /* Info.plist */,
				4BA1431E279DA97D008884F0 /* HealthMeter.entitlements */,
				4BA142F4279DA6B5008884F0 /* HealthMeterApp.swift */,
				4B684D7A27B1382700C4C76E /* Config.swift */,
				4BA142F6279DA6B5008884F0 /* ContentView.swift */,
				4B3E19B727BA8039001F3989 /* DebugView.swift */,
				4BACE5C627AAF0BF009068F9 /* HeartView.swift */,
				4B3946C827BB95CE004135CB /* Date+utils.swift */,
				4B2091B227A156DE00CCFD70 /* RestingHeartRateService.swift */,
				4BACE5C827ABB8A6009068F9 /* TutorialView.swift */,
				4BACE5C427AACC3C009068F9 /* RestingHeartRateCalculator.swift */,
				4BACE5C027AAC349009068F9 /* QueryProvider.swift */,
				4BACE5BE27AAC32A009068F9 /* QueryParser.swift */,
				4BBE120327A9CF7500112638 /* RestingHeartRateUpdate.swift */,
				4BBE11FF27A9CDC200112638 /* NotificationService.swift */,
				4BA142F8279DA6B6008884F0 /* Assets.xcassets */,
				4BA142FA279DA6B6008884F0 /* Preview Content */,
			);
			path = HealthMeter;
			sourceTree = "<group>";
		};
		4BA142FA279DA6B6008884F0 /* Preview Content */ = {
			isa = PBXGroup;
			children = (
				4BA142FB279DA6B6008884F0 /* Preview Assets.xcassets */,
			);
			path = "Preview Content";
			sourceTree = "<group>";
		};
		4BA14304279DA6B6008884F0 /* HealthMeterTests */ = {
			isa = PBXGroup;
			children = (
				4B2091B427A1571100CCFD70 /* RestingHeartRateServiceTests.swift */,
				4BACE5C227AAC3C4009068F9 /* RestingHeartRateUpdateTests.swift */,
			);
			path = HealthMeterTests;
			sourceTree = "<group>";
		};
		4BA1431F279DA97D008884F0 /* Frameworks */ = {
			isa = PBXGroup;
			children = (
				4BA14320279DA97D008884F0 /* HealthKit.framework */,
				328A44247B8DB88843E90415 /* Pods_HealthMeter.framework */,
				3F36688EB3F9AF3436C37254 /* Pods_HealthMeter_HealthMeterUITests.framework */,
				8433264F70474C935F15B810 /* Pods_HealthMeterTests.framework */,
			);
			name = Frameworks;
			sourceTree = "<group>";
		};
/* End PBXGroup section */

/* Begin PBXNativeTarget section */
		4BA142F0279DA6B5008884F0 /* HealthMeter */ = {
			isa = PBXNativeTarget;
			buildConfigurationList = 4BA14315279DA6B6008884F0 /* Build configuration list for PBXNativeTarget "HealthMeter" */;
			buildPhases = (
				105610C03F6C7E51271693F6 /* [CP] Check Pods Manifest.lock */,
				4BA9503C27BA853F00B9D591 /* Run SwiftLint */,
				4BA142ED279DA6B5008884F0 /* Sources */,
				4BA142EE279DA6B5008884F0 /* Frameworks */,
				4BA142EF279DA6B5008884F0 /* Resources */,
			);
			buildRules = (
			);
			dependencies = (
			);
			name = HealthMeter;
			productName = HealthMeter;
			productReference = 4BA142F1279DA6B5008884F0 /* HealthMeter.app */;
			productType = "com.apple.product-type.application";
		};
		4BA14300279DA6B6008884F0 /* HealthMeterTests */ = {
			isa = PBXNativeTarget;
			buildConfigurationList = 4BA14318279DA6B6008884F0 /* Build configuration list for PBXNativeTarget "HealthMeterTests" */;
			buildPhases = (
				287AE8A9EEB7A7E58C58D28A /* [CP] Check Pods Manifest.lock */,
				4BA142FD279DA6B6008884F0 /* Sources */,
				4BA142FE279DA6B6008884F0 /* Frameworks */,
				4BA142FF279DA6B6008884F0 /* Resources */,
			);
			buildRules = (
			);
			dependencies = (
				4BA14303279DA6B6008884F0 /* PBXTargetDependency */,
			);
			name = HealthMeterTests;
			productName = HealthMeterTests;
			productReference = 4BA14301279DA6B6008884F0 /* HealthMeterTests.xctest */;
			productType = "com.apple.product-type.bundle.unit-test";
		};
		4BA1430A279DA6B6008884F0 /* HealthMeterUITests */ = {
			isa = PBXNativeTarget;
			buildConfigurationList = 4BA1431B279DA6B6008884F0 /* Build configuration list for PBXNativeTarget "HealthMeterUITests" */;
			buildPhases = (
				19B769477D28117F15754187 /* [CP] Check Pods Manifest.lock */,
				4BA14307279DA6B6008884F0 /* Sources */,
				4BA14308279DA6B6008884F0 /* Frameworks */,
				4BA14309279DA6B6008884F0 /* Resources */,
			);
			buildRules = (
			);
			dependencies = (
				4BA1430D279DA6B6008884F0 /* PBXTargetDependency */,
			);
			name = HealthMeterUITests;
			productName = HealthMeterUITests;
			productReference = 4BA1430B279DA6B6008884F0 /* HealthMeterUITests.xctest */;
			productType = "com.apple.product-type.bundle.ui-testing";
		};
/* End PBXNativeTarget section */

/* Begin PBXProject section */
		4BA142E9279DA6B5008884F0 /* Project object */ = {
			isa = PBXProject;
			attributes = {
				BuildIndependentTargetsInParallel = 1;
				LastSwiftUpdateCheck = 1320;
				LastUpgradeCheck = 1320;
				TargetAttributes = {
					4BA142F0279DA6B5008884F0 = {
						CreatedOnToolsVersion = 13.2.1;
					};
					4BA14300279DA6B6008884F0 = {
						CreatedOnToolsVersion = 13.2.1;
						TestTargetID = 4BA142F0279DA6B5008884F0;
					};
					4BA1430A279DA6B6008884F0 = {
						CreatedOnToolsVersion = 13.2.1;
						TestTargetID = 4BA142F0279DA6B5008884F0;
					};
				};
			};
			buildConfigurationList = 4BA142EC279DA6B5008884F0 /* Build configuration list for PBXProject "HealthMeter" */;
			compatibilityVersion = "Xcode 13.0";
			developmentRegion = en;
			hasScannedForEncodings = 0;
			knownRegions = (
				en,
				Base,
			);
			mainGroup = 4BA142E8279DA6B5008884F0;
			productRefGroup = 4BA142F2279DA6B5008884F0 /* Products */;
			projectDirPath = "";
			projectRoot = "";
			targets = (
				4BA142F0279DA6B5008884F0 /* HealthMeter */,
				4BA14300279DA6B6008884F0 /* HealthMeterTests */,
				4BA1430A279DA6B6008884F0 /* HealthMeterUITests */,
			);
		};
/* End PBXProject section */

/* Begin PBXResourcesBuildPhase section */
		4BA142EF279DA6B5008884F0 /* Resources */ = {
			isa = PBXResourcesBuildPhase;
			buildActionMask = 2147483647;
			files = (
				4BA142FC279DA6B6008884F0 /* Preview Assets.xcassets in Resources */,
				4BA142F9279DA6B6008884F0 /* Assets.xcassets in Resources */,
			);
			runOnlyForDeploymentPostprocessing = 0;
		};
		4BA142FF279DA6B6008884F0 /* Resources */ = {
			isa = PBXResourcesBuildPhase;
			buildActionMask = 2147483647;
			files = (
			);
			runOnlyForDeploymentPostprocessing = 0;
		};
		4BA14309279DA6B6008884F0 /* Resources */ = {
			isa = PBXResourcesBuildPhase;
			buildActionMask = 2147483647;
			files = (
			);
			runOnlyForDeploymentPostprocessing = 0;
		};
/* End PBXResourcesBuildPhase section */

/* Begin PBXShellScriptBuildPhase section */
		105610C03F6C7E51271693F6 /* [CP] Check Pods Manifest.lock */ = {
			isa = PBXShellScriptBuildPhase;
			buildActionMask = 2147483647;
			files = (
			);
			inputFileListPaths = (
			);
			inputPaths = (
				"${PODS_PODFILE_DIR_PATH}/Podfile.lock",
				"${PODS_ROOT}/Manifest.lock",
			);
			name = "[CP] Check Pods Manifest.lock";
			outputFileListPaths = (
			);
			outputPaths = (
				"$(DERIVED_FILE_DIR)/Pods-HealthMeter-checkManifestLockResult.txt",
			);
			runOnlyForDeploymentPostprocessing = 0;
			shellPath = /bin/sh;
			shellScript = "diff \"${PODS_PODFILE_DIR_PATH}/Podfile.lock\" \"${PODS_ROOT}/Manifest.lock\" > /dev/null\nif [ $? != 0 ] ; then\n    # print error to STDERR\n    echo \"error: The sandbox is not in sync with the Podfile.lock. Run 'pod install' or update your CocoaPods installation.\" >&2\n    exit 1\nfi\n# This output is used by Xcode 'outputs' to avoid re-running this script phase.\necho \"SUCCESS\" > \"${SCRIPT_OUTPUT_FILE_0}\"\n";
			showEnvVarsInLog = 0;
		};
		19B769477D28117F15754187 /* [CP] Check Pods Manifest.lock */ = {
			isa = PBXShellScriptBuildPhase;
			buildActionMask = 2147483647;
			files = (
			);
			inputFileListPaths = (
			);
			inputPaths = (
				"${PODS_PODFILE_DIR_PATH}/Podfile.lock",
				"${PODS_ROOT}/Manifest.lock",
			);
			name = "[CP] Check Pods Manifest.lock";
			outputFileListPaths = (
			);
			outputPaths = (
				"$(DERIVED_FILE_DIR)/Pods-HealthMeter-HealthMeterUITests-checkManifestLockResult.txt",
			);
			runOnlyForDeploymentPostprocessing = 0;
			shellPath = /bin/sh;
			shellScript = "diff \"${PODS_PODFILE_DIR_PATH}/Podfile.lock\" \"${PODS_ROOT}/Manifest.lock\" > /dev/null\nif [ $? != 0 ] ; then\n    # print error to STDERR\n    echo \"error: The sandbox is not in sync with the Podfile.lock. Run 'pod install' or update your CocoaPods installation.\" >&2\n    exit 1\nfi\n# This output is used by Xcode 'outputs' to avoid re-running this script phase.\necho \"SUCCESS\" > \"${SCRIPT_OUTPUT_FILE_0}\"\n";
			showEnvVarsInLog = 0;
		};
		287AE8A9EEB7A7E58C58D28A /* [CP] Check Pods Manifest.lock */ = {
			isa = PBXShellScriptBuildPhase;
			buildActionMask = 2147483647;
			files = (
			);
			inputFileListPaths = (
			);
			inputPaths = (
				"${PODS_PODFILE_DIR_PATH}/Podfile.lock",
				"${PODS_ROOT}/Manifest.lock",
			);
			name = "[CP] Check Pods Manifest.lock";
			outputFileListPaths = (
			);
			outputPaths = (
				"$(DERIVED_FILE_DIR)/Pods-HealthMeterTests-checkManifestLockResult.txt",
			);
			runOnlyForDeploymentPostprocessing = 0;
			shellPath = /bin/sh;
			shellScript = "diff \"${PODS_PODFILE_DIR_PATH}/Podfile.lock\" \"${PODS_ROOT}/Manifest.lock\" > /dev/null\nif [ $? != 0 ] ; then\n    # print error to STDERR\n    echo \"error: The sandbox is not in sync with the Podfile.lock. Run 'pod install' or update your CocoaPods installation.\" >&2\n    exit 1\nfi\n# This output is used by Xcode 'outputs' to avoid re-running this script phase.\necho \"SUCCESS\" > \"${SCRIPT_OUTPUT_FILE_0}\"\n";
			showEnvVarsInLog = 0;
		};
		4BA9503C27BA853F00B9D591 /* Run SwiftLint */ = {
			isa = PBXShellScriptBuildPhase;
			buildActionMask = 2147483647;
			files = (
			);
			inputFileListPaths = (
			);
			inputPaths = (
			);
			name = "Run SwiftLint";
			outputFileListPaths = (
			);
			outputPaths = (
			);
			runOnlyForDeploymentPostprocessing = 0;
			shellPath = /bin/sh;
			shellScript = "export PATH=\"$PATH:/opt/homebrew/bin\"\n\nif which swiftlint >/dev/null; then\n  swiftlint\nelse\n  echo \"warning: SwiftLint not installed, download from https://github.com/realm/SwiftLint\"\nfi\n";
		};
/* End PBXShellScriptBuildPhase section */

/* Begin PBXSourcesBuildPhase section */
		4BA142ED279DA6B5008884F0 /* Sources */ = {
			isa = PBXSourcesBuildPhase;
			buildActionMask = 2147483647;
			files = (
				4B3E19B827BA8039001F3989 /* DebugView.swift in Sources */,
				4BBE120027A9CDC200112638 /* NotificationService.swift in Sources */,
				4B2091B327A156DE00CCFD70 /* RestingHeartRateService.swift in Sources */,
				4BACE5C527AACC3C009068F9 /* RestingHeartRateCalculator.swift in Sources */,
				4BA142F7279DA6B5008884F0 /* ContentView.swift in Sources */,
				4B684D7B27B1382700C4C76E /* Config.swift in Sources */,
				4BACE5C127AAC349009068F9 /* QueryProvider.swift in Sources */,
				4BBE120427A9CF7500112638 /* RestingHeartRateUpdate.swift in Sources */,
				4B3946C927BB95CE004135CB /* Date+utils.swift in Sources */,
				4BA142F5279DA6B5008884F0 /* HealthMeterApp.swift in Sources */,
				4BACE5C727AAF0BF009068F9 /* HeartView.swift in Sources */,
				4BACE5C927ABB8A6009068F9 /* TutorialView.swift in Sources */,
				4BACE5BF27AAC32A009068F9 /* QueryParser.swift in Sources */,
			);
			runOnlyForDeploymentPostprocessing = 0;
		};
		4BA142FD279DA6B6008884F0 /* Sources */ = {
			isa = PBXSourcesBuildPhase;
			buildActionMask = 2147483647;
			files = (
				4B2091B527A1571100CCFD70 /* RestingHeartRateServiceTests.swift in Sources */,
				4BACE5C327AAC3C4009068F9 /* RestingHeartRateUpdateTests.swift in Sources */,
			);
			runOnlyForDeploymentPostprocessing = 0;
		};
		4BA14307279DA6B6008884F0 /* Sources */ = {
			isa = PBXSourcesBuildPhase;
			buildActionMask = 2147483647;
			files = (
			);
			runOnlyForDeploymentPostprocessing = 0;
		};
/* End PBXSourcesBuildPhase section */

/* Begin PBXTargetDependency section */
		4BA14303279DA6B6008884F0 /* PBXTargetDependency */ = {
			isa = PBXTargetDependency;
			target = 4BA142F0279DA6B5008884F0 /* HealthMeter */;
			targetProxy = 4BA14302279DA6B6008884F0 /* PBXContainerItemProxy */;
		};
		4BA1430D279DA6B6008884F0 /* PBXTargetDependency */ = {
			isa = PBXTargetDependency;
			target = 4BA142F0279DA6B5008884F0 /* HealthMeter */;
			targetProxy = 4BA1430C279DA6B6008884F0 /* PBXContainerItemProxy */;
		};
/* End PBXTargetDependency section */

/* Begin XCBuildConfiguration section */
		4BA14313279DA6B6008884F0 /* Debug */ = {
			isa = XCBuildConfiguration;
			buildSettings = {
				ALWAYS_SEARCH_USER_PATHS = NO;
				CLANG_ANALYZER_NONNULL = YES;
				CLANG_ANALYZER_NUMBER_OBJECT_CONVERSION = YES_AGGRESSIVE;
				CLANG_CXX_LANGUAGE_STANDARD = "gnu++17";
				CLANG_CXX_LIBRARY = "libc++";
				CLANG_ENABLE_MODULES = YES;
				CLANG_ENABLE_OBJC_ARC = YES;
				CLANG_ENABLE_OBJC_WEAK = YES;
				CLANG_WARN_BLOCK_CAPTURE_AUTORELEASING = YES;
				CLANG_WARN_BOOL_CONVERSION = YES;
				CLANG_WARN_COMMA = YES;
				CLANG_WARN_CONSTANT_CONVERSION = YES;
				CLANG_WARN_DEPRECATED_OBJC_IMPLEMENTATIONS = YES;
				CLANG_WARN_DIRECT_OBJC_ISA_USAGE = YES_ERROR;
				CLANG_WARN_DOCUMENTATION_COMMENTS = YES;
				CLANG_WARN_EMPTY_BODY = YES;
				CLANG_WARN_ENUM_CONVERSION = YES;
				CLANG_WARN_INFINITE_RECURSION = YES;
				CLANG_WARN_INT_CONVERSION = YES;
				CLANG_WARN_NON_LITERAL_NULL_CONVERSION = YES;
				CLANG_WARN_OBJC_IMPLICIT_RETAIN_SELF = YES;
				CLANG_WARN_OBJC_LITERAL_CONVERSION = YES;
				CLANG_WARN_OBJC_ROOT_CLASS = YES_ERROR;
				CLANG_WARN_QUOTED_INCLUDE_IN_FRAMEWORK_HEADER = YES;
				CLANG_WARN_RANGE_LOOP_ANALYSIS = YES;
				CLANG_WARN_STRICT_PROTOTYPES = YES;
				CLANG_WARN_SUSPICIOUS_MOVE = YES;
				CLANG_WARN_UNGUARDED_AVAILABILITY = YES_AGGRESSIVE;
				CLANG_WARN_UNREACHABLE_CODE = YES;
				CLANG_WARN__DUPLICATE_METHOD_MATCH = YES;
				COPY_PHASE_STRIP = NO;
				DEBUG_INFORMATION_FORMAT = dwarf;
				ENABLE_STRICT_OBJC_MSGSEND = YES;
				ENABLE_TESTABILITY = YES;
				GCC_C_LANGUAGE_STANDARD = gnu11;
				GCC_DYNAMIC_NO_PIC = NO;
				GCC_NO_COMMON_BLOCKS = YES;
				GCC_OPTIMIZATION_LEVEL = 0;
				GCC_PREPROCESSOR_DEFINITIONS = (
					"DEBUG=1",
					"$(inherited)",
				);
				GCC_WARN_64_TO_32_BIT_CONVERSION = YES;
				GCC_WARN_ABOUT_RETURN_TYPE = YES_ERROR;
				GCC_WARN_UNDECLARED_SELECTOR = YES;
				GCC_WARN_UNINITIALIZED_AUTOS = YES_AGGRESSIVE;
				GCC_WARN_UNUSED_FUNCTION = YES;
				GCC_WARN_UNUSED_VARIABLE = YES;
				IPHONEOS_DEPLOYMENT_TARGET = 15.2;
				MTL_ENABLE_DEBUG_INFO = INCLUDE_SOURCE;
				MTL_FAST_MATH = YES;
				ONLY_ACTIVE_ARCH = YES;
				SDKROOT = iphoneos;
				SWIFT_ACTIVE_COMPILATION_CONDITIONS = DEBUG;
				SWIFT_OPTIMIZATION_LEVEL = "-Onone";
			};
			name = Debug;
		};
		4BA14314279DA6B6008884F0 /* Release */ = {
			isa = XCBuildConfiguration;
			buildSettings = {
				ALWAYS_SEARCH_USER_PATHS = NO;
				CLANG_ANALYZER_NONNULL = YES;
				CLANG_ANALYZER_NUMBER_OBJECT_CONVERSION = YES_AGGRESSIVE;
				CLANG_CXX_LANGUAGE_STANDARD = "gnu++17";
				CLANG_CXX_LIBRARY = "libc++";
				CLANG_ENABLE_MODULES = YES;
				CLANG_ENABLE_OBJC_ARC = YES;
				CLANG_ENABLE_OBJC_WEAK = YES;
				CLANG_WARN_BLOCK_CAPTURE_AUTORELEASING = YES;
				CLANG_WARN_BOOL_CONVERSION = YES;
				CLANG_WARN_COMMA = YES;
				CLANG_WARN_CONSTANT_CONVERSION = YES;
				CLANG_WARN_DEPRECATED_OBJC_IMPLEMENTATIONS = YES;
				CLANG_WARN_DIRECT_OBJC_ISA_USAGE = YES_ERROR;
				CLANG_WARN_DOCUMENTATION_COMMENTS = YES;
				CLANG_WARN_EMPTY_BODY = YES;
				CLANG_WARN_ENUM_CONVERSION = YES;
				CLANG_WARN_INFINITE_RECURSION = YES;
				CLANG_WARN_INT_CONVERSION = YES;
				CLANG_WARN_NON_LITERAL_NULL_CONVERSION = YES;
				CLANG_WARN_OBJC_IMPLICIT_RETAIN_SELF = YES;
				CLANG_WARN_OBJC_LITERAL_CONVERSION = YES;
				CLANG_WARN_OBJC_ROOT_CLASS = YES_ERROR;
				CLANG_WARN_QUOTED_INCLUDE_IN_FRAMEWORK_HEADER = YES;
				CLANG_WARN_RANGE_LOOP_ANALYSIS = YES;
				CLANG_WARN_STRICT_PROTOTYPES = YES;
				CLANG_WARN_SUSPICIOUS_MOVE = YES;
				CLANG_WARN_UNGUARDED_AVAILABILITY = YES_AGGRESSIVE;
				CLANG_WARN_UNREACHABLE_CODE = YES;
				CLANG_WARN__DUPLICATE_METHOD_MATCH = YES;
				COPY_PHASE_STRIP = NO;
				DEBUG_INFORMATION_FORMAT = "dwarf-with-dsym";
				ENABLE_NS_ASSERTIONS = NO;
				ENABLE_STRICT_OBJC_MSGSEND = YES;
				GCC_C_LANGUAGE_STANDARD = gnu11;
				GCC_NO_COMMON_BLOCKS = YES;
				GCC_WARN_64_TO_32_BIT_CONVERSION = YES;
				GCC_WARN_ABOUT_RETURN_TYPE = YES_ERROR;
				GCC_WARN_UNDECLARED_SELECTOR = YES;
				GCC_WARN_UNINITIALIZED_AUTOS = YES_AGGRESSIVE;
				GCC_WARN_UNUSED_FUNCTION = YES;
				GCC_WARN_UNUSED_VARIABLE = YES;
				IPHONEOS_DEPLOYMENT_TARGET = 15.2;
				MTL_ENABLE_DEBUG_INFO = NO;
				MTL_FAST_MATH = YES;
				SDKROOT = iphoneos;
				SWIFT_COMPILATION_MODE = wholemodule;
				SWIFT_OPTIMIZATION_LEVEL = "-O";
				VALIDATE_PRODUCT = YES;
			};
			name = Release;
		};
		4BA14316279DA6B6008884F0 /* Debug */ = {
			isa = XCBuildConfiguration;
			baseConfigurationReference = C19B5E5510E3933F4B885F95 /* Pods-HealthMeter.debug.xcconfig */;
			buildSettings = {
				ASSETCATALOG_COMPILER_APPICON_NAME = AppIcon;
				ASSETCATALOG_COMPILER_GLOBAL_ACCENT_COLOR_NAME = AccentColor;
				CODE_SIGN_ENTITLEMENTS = HealthMeter/HealthMeter.entitlements;
				CODE_SIGN_STYLE = Automatic;
				CURRENT_PROJECT_VERSION = 1;
				DEVELOPMENT_ASSET_PATHS = "\"HealthMeter/Preview Content\"";
				DEVELOPMENT_TEAM = 37P8J96868;
				ENABLE_PREVIEWS = YES;
				GENERATE_INFOPLIST_FILE = YES;
				INFOPLIST_FILE = HealthMeter/Info.plist;
				INFOPLIST_KEY_NSHealthShareUsageDescription = "This app needs the permission to read and share data";
				INFOPLIST_KEY_NSHealthUpdateUsageDescription = "This app needs the permission to share data";
				INFOPLIST_KEY_UIApplicationSceneManifest_Generation = YES;
				INFOPLIST_KEY_UIApplicationSupportsIndirectInputEvents = YES;
				INFOPLIST_KEY_UILaunchScreen_Generation = YES;
				INFOPLIST_KEY_UISupportedInterfaceOrientations = UIInterfaceOrientationPortrait;
				INFOPLIST_KEY_UISupportedInterfaceOrientations_iPad = "UIInterfaceOrientationPortrait UIInterfaceOrientationPortraitUpsideDown UIInterfaceOrientationLandscapeLeft UIInterfaceOrientationLandscapeRight";
				INFOPLIST_KEY_UISupportedInterfaceOrientations_iPhone = "UIInterfaceOrientationPortrait UIInterfaceOrientationLandscapeLeft UIInterfaceOrientationLandscapeRight";
				LD_RUNPATH_SEARCH_PATHS = (
					"$(inherited)",
					"@executable_path/Frameworks",
				);
				MARKETING_VERSION = 1.0;
				PRODUCT_BUNDLE_IDENTIFIER = fi.bitodi.HealthMeter;
				PRODUCT_NAME = "$(TARGET_NAME)";
				SWIFT_EMIT_LOC_STRINGS = YES;
				SWIFT_VERSION = 5.0;
				TARGETED_DEVICE_FAMILY = 1;
			};
			name = Debug;
		};
		4BA14317279DA6B6008884F0 /* Release */ = {
			isa = XCBuildConfiguration;
			baseConfigurationReference = 5FEF0F53820219A54CECFB27 /* Pods-HealthMeter.release.xcconfig */;
			buildSettings = {
				ASSETCATALOG_COMPILER_APPICON_NAME = AppIcon;
				ASSETCATALOG_COMPILER_GLOBAL_ACCENT_COLOR_NAME = AccentColor;
				CODE_SIGN_ENTITLEMENTS = HealthMeter/HealthMeter.entitlements;
				CODE_SIGN_STYLE = Automatic;
				CURRENT_PROJECT_VERSION = 1;
				DEVELOPMENT_ASSET_PATHS = "\"HealthMeter/Preview Content\"";
				DEVELOPMENT_TEAM = 37P8J96868;
				ENABLE_PREVIEWS = YES;
				GENERATE_INFOPLIST_FILE = YES;
				INFOPLIST_FILE = HealthMeter/Info.plist;
				INFOPLIST_KEY_NSHealthShareUsageDescription = "This app needs the permission to read and share data";
				INFOPLIST_KEY_NSHealthUpdateUsageDescription = "This app needs the permission to share data";
				INFOPLIST_KEY_UIApplicationSceneManifest_Generation = YES;
				INFOPLIST_KEY_UIApplicationSupportsIndirectInputEvents = YES;
				INFOPLIST_KEY_UILaunchScreen_Generation = YES;
				INFOPLIST_KEY_UISupportedInterfaceOrientations = UIInterfaceOrientationPortrait;
				INFOPLIST_KEY_UISupportedInterfaceOrientations_iPad = "UIInterfaceOrientationPortrait UIInterfaceOrientationPortraitUpsideDown UIInterfaceOrientationLandscapeLeft UIInterfaceOrientationLandscapeRight";
				INFOPLIST_KEY_UISupportedInterfaceOrientations_iPhone = "UIInterfaceOrientationPortrait UIInterfaceOrientationLandscapeLeft UIInterfaceOrientationLandscapeRight";
				LD_RUNPATH_SEARCH_PATHS = (
					"$(inherited)",
					"@executable_path/Frameworks",
				);
				MARKETING_VERSION = 1.0;
				PRODUCT_BUNDLE_IDENTIFIER = fi.bitodi.HealthMeter;
				PRODUCT_NAME = "$(TARGET_NAME)";
				SWIFT_EMIT_LOC_STRINGS = YES;
				SWIFT_VERSION = 5.0;
				TARGETED_DEVICE_FAMILY = 1;
			};
			name = Release;
		};
		4BA14319279DA6B6008884F0 /* Debug */ = {
			isa = XCBuildConfiguration;
			baseConfigurationReference = 2EE37A75F98BB7BA2697C88F /* Pods-HealthMeterTests.debug.xcconfig */;
			buildSettings = {
				ALWAYS_EMBED_SWIFT_STANDARD_LIBRARIES = YES;
				BUNDLE_LOADER = "$(TEST_HOST)";
				CODE_SIGN_STYLE = Automatic;
				CURRENT_PROJECT_VERSION = 1;
				DEVELOPMENT_TEAM = 37P8J96868;
				GENERATE_INFOPLIST_FILE = YES;
				IPHONEOS_DEPLOYMENT_TARGET = 15.2;
				MARKETING_VERSION = 1.0;
				PRODUCT_BUNDLE_IDENTIFIER = fi.bitodi.HealthMeterTests;
				PRODUCT_NAME = "$(TARGET_NAME)";
				SWIFT_EMIT_LOC_STRINGS = NO;
				SWIFT_VERSION = 5.0;
				TARGETED_DEVICE_FAMILY = "1,2";
				TEST_HOST = "$(BUILT_PRODUCTS_DIR)/HealthMeter.app/HealthMeter";
			};
			name = Debug;
		};
		4BA1431A279DA6B6008884F0 /* Release */ = {
			isa = XCBuildConfiguration;
			baseConfigurationReference = 214549E2381A2ABB61B8521B /* Pods-HealthMeterTests.release.xcconfig */;
			buildSettings = {
				ALWAYS_EMBED_SWIFT_STANDARD_LIBRARIES = YES;
				BUNDLE_LOADER = "$(TEST_HOST)";
				CODE_SIGN_STYLE = Automatic;
				CURRENT_PROJECT_VERSION = 1;
				DEVELOPMENT_TEAM = 37P8J96868;
				GENERATE_INFOPLIST_FILE = YES;
				IPHONEOS_DEPLOYMENT_TARGET = 15.2;
				MARKETING_VERSION = 1.0;
				PRODUCT_BUNDLE_IDENTIFIER = fi.bitodi.HealthMeterTests;
				PRODUCT_NAME = "$(TARGET_NAME)";
				SWIFT_EMIT_LOC_STRINGS = NO;
				SWIFT_VERSION = 5.0;
				TARGETED_DEVICE_FAMILY = "1,2";
				TEST_HOST = "$(BUILT_PRODUCTS_DIR)/HealthMeter.app/HealthMeter";
			};
			name = Release;
		};
		4BA1431C279DA6B6008884F0 /* Debug */ = {
			isa = XCBuildConfiguration;
			baseConfigurationReference = 661C9CDD3899A65111BF7B92 /* Pods-HealthMeter-HealthMeterUITests.debug.xcconfig */;
			buildSettings = {
				ALWAYS_EMBED_SWIFT_STANDARD_LIBRARIES = YES;
				CODE_SIGN_STYLE = Automatic;
				CURRENT_PROJECT_VERSION = 1;
				DEVELOPMENT_TEAM = 37P8J96868;
				GENERATE_INFOPLIST_FILE = YES;
				MARKETING_VERSION = 1.0;
				PRODUCT_BUNDLE_IDENTIFIER = fi.bitodi.HealthMeterUITests;
				PRODUCT_NAME = "$(TARGET_NAME)";
				SWIFT_EMIT_LOC_STRINGS = NO;
				SWIFT_VERSION = 5.0;
				TARGETED_DEVICE_FAMILY = "1,2";
				TEST_TARGET_NAME = HealthMeter;
			};
			name = Debug;
		};
		4BA1431D279DA6B6008884F0 /* Release */ = {
			isa = XCBuildConfiguration;
			baseConfigurationReference = 453DBE6024B31BBF284557DF /* Pods-HealthMeter-HealthMeterUITests.release.xcconfig */;
			buildSettings = {
				ALWAYS_EMBED_SWIFT_STANDARD_LIBRARIES = YES;
				CODE_SIGN_STYLE = Automatic;
				CURRENT_PROJECT_VERSION = 1;
				DEVELOPMENT_TEAM = 37P8J96868;
				GENERATE_INFOPLIST_FILE = YES;
				MARKETING_VERSION = 1.0;
				PRODUCT_BUNDLE_IDENTIFIER = fi.bitodi.HealthMeterUITests;
				PRODUCT_NAME = "$(TARGET_NAME)";
				SWIFT_EMIT_LOC_STRINGS = NO;
				SWIFT_VERSION = 5.0;
				TARGETED_DEVICE_FAMILY = "1,2";
				TEST_TARGET_NAME = HealthMeter;
			};
			name = Release;
		};
/* End XCBuildConfiguration section */

/* Begin XCConfigurationList section */
		4BA142EC279DA6B5008884F0 /* Build configuration list for PBXProject "HealthMeter" */ = {
			isa = XCConfigurationList;
			buildConfigurations = (
				4BA14313279DA6B6008884F0 /* Debug */,
				4BA14314279DA6B6008884F0 /* Release */,
			);
			defaultConfigurationIsVisible = 0;
			defaultConfigurationName = Release;
		};
		4BA14315279DA6B6008884F0 /* Build configuration list for PBXNativeTarget "HealthMeter" */ = {
			isa = XCConfigurationList;
			buildConfigurations = (
				4BA14316279DA6B6008884F0 /* Debug */,
				4BA14317279DA6B6008884F0 /* Release */,
			);
			defaultConfigurationIsVisible = 0;
			defaultConfigurationName = Release;
		};
		4BA14318279DA6B6008884F0 /* Build configuration list for PBXNativeTarget "HealthMeterTests" */ = {
			isa = XCConfigurationList;
			buildConfigurations = (
				4BA14319279DA6B6008884F0 /* Debug */,
				4BA1431A279DA6B6008884F0 /* Release */,
			);
			defaultConfigurationIsVisible = 0;
			defaultConfigurationName = Release;
		};
		4BA1431B279DA6B6008884F0 /* Build configuration list for PBXNativeTarget "HealthMeterUITests" */ = {
			isa = XCConfigurationList;
			buildConfigurations = (
				4BA1431C279DA6B6008884F0 /* Debug */,
				4BA1431D279DA6B6008884F0 /* Release */,
			);
			defaultConfigurationIsVisible = 0;
			defaultConfigurationName = Release;
		};
/* End XCConfigurationList section */
	};
	rootObject = 4BA142E9279DA6B5008884F0 /* Project object */;
}
